
Microsoft Visual Studio Solution File, Format Version 12.00
# Visual Studio Version 16
VisualStudioVersion = 16.0.30011.22
MinimumVisualStudioVersion = 10.0.40219.1
Project("{9A19103F-16F7-4668-BE54-9A1E7A4F7556}") = "CorrelationCalculatorCLI", "CorrelationCalculatorCLI\CorrelationCalculatorCLI.csproj", "{B2421E78-ADAB-41A7-85FD-992AB978C0B2}"
EndProject
Project("{9A19103F-16F7-4668-BE54-9A1E7A4F7556}") = "PriceCorrelationCalculator", "PriceCorrelationCalculator\PriceCorrelationCalculator.csproj", "{088DAFBA-F341-48A7-AA82-82EFD7B85BEB}"
EndProject
Project("{9A19103F-16F7-4668-BE54-9A1E7A4F7556}") = "PriceCorrelationCalculatorTest", "PriceCorrelationCalculatorTest\PriceCorrelationCalculatorTest.csproj", "{1DBFDDAF-3A4C-4071-8173-7B4E3AEA6595}"
EndProject
Project("{FAE04EC0-301F-11D3-BF4B-00C04F79EFBC}") = "CalculationParameterReader", "CalculationParameterReader\CalculationParameterReader.csproj", "{A52918E1-48B8-4FBE-A5E8-F433A29CBCD3}"
EndProject
Global
	GlobalSection(SolutionConfigurationPlatforms) = preSolution
		Debug|Any CPU = Debug|Any CPU
		Release|Any CPU = Release|Any CPU
	EndGlobalSection
	GlobalSection(ProjectConfigurationPlatforms) = postSolution
		{B2421E78-ADAB-41A7-85FD-992AB978C0B2}.Debug|Any CPU.ActiveCfg = Debug|Any CPU
		{B2421E78-ADAB-41A7-85FD-992AB978C0B2}.Debug|Any CPU.Build.0 = Debug|Any CPU
		{B2421E78-ADAB-41A7-85FD-992AB978C0B2}.Release|Any CPU.ActiveCfg = Release|Any CPU
		{B2421E78-ADAB-41A7-85FD-992AB978C0B2}.Release|Any CPU.Build.0 = Release|Any CPU
		{088DAFBA-F341-48A7-AA82-82EFD7B85BEB}.Debug|Any CPU.ActiveCfg = Debug|Any CPU
		{088DAFBA-F341-48A7-AA82-82EFD7B85BEB}.Debug|Any CPU.Build.0 = Debug|Any CPU
		{088DAFBA-F341-48A7-AA82-82EFD7B85BEB}.Release|Any CPU.ActiveCfg = Release|Any CPU
		{088DAFBA-F341-48A7-AA82-82EFD7B85BEB}.Release|Any CPU.Build.0 = Release|Any CPU
		{1DBFDDAF-3A4C-4071-8173-7B4E3AEA6595}.Debug|Any CPU.ActiveCfg = Debug|Any CPU
		{1DBFDDAF-3A4C-4071-8173-7B4E3AEA6595}.Debug|Any CPU.Build.0 = Debug|Any CPU
		{1DBFDDAF-3A4C-4071-8173-7B4E3AEA6595}.Release|Any CPU.ActiveCfg = Release|Any CPU
		{1DBFDDAF-3A4C-4071-8173-7B4E3AEA6595}.Release|Any CPU.Build.0 = Release|Any CPU
		{A52918E1-48B8-4FBE-A5E8-F433A29CBCD3}.Debug|Any CPU.ActiveCfg = Debug|Any CPU
		{A52918E1-48B8-4FBE-A5E8-F433A29CBCD3}.Debug|Any CPU.Build.0 = Debug|Any CPU
		{A52918E1-48B8-4FBE-A5E8-F433A29CBCD3}.Release|Any CPU.ActiveCfg = Release|Any CPU
		{A52918E1-48B8-4FBE-A5E8-F433A29CBCD3}.Release|Any CPU.Build.0 = Release|Any CPU
	EndGlobalSection
	GlobalSection(SolutionProperties) = preSolution
		HideSolutionNode = FALSE
	EndGlobalSection
	GlobalSection(ExtensibilityGlobals) = postSolution
		SolutionGuid = {FB2EFE22-E2E7-4068-BDF0-3D284F89FAFC}
	EndGlobalSection
EndGlobal
